// !$*UTF8*$!
{
	archiveVersion = 1;
	classes = {
	};
	objectVersion = 46;
	objects = {

/* Begin PBXBuildFile section */
		2269E3791D5CBDF400377015 /* main.cpp in Sources */ = {isa = PBXBuildFile; fileRef = 2269E3781D5CBDF400377015 /* main.cpp */; };
		2269E3811D5CC0D300377015 /* list.cpp in Sources */ = {isa = PBXBuildFile; fileRef = 2269E37F1D5CC0D300377015 /* list.cpp */; };
		227A7C731D5F546C009DB28B /* Vector.cpp in Sources */ = {isa = PBXBuildFile; fileRef = 227A7C711D5F546C009DB28B /* Vector.cpp */; };
		22ED58CB1D61FA2C000DE4E2 /* List.cpp in Sources */ = {isa = PBXBuildFile; fileRef = 22ED58C91D61FA2C000DE4E2 /* List.cpp */; };
/* End PBXBuildFile section */

/* Begin PBXCopyFilesBuildPhase section */
		2269E3731D5CBDF400377015 /* CopyFiles */ = {
			isa = PBXCopyFilesBuildPhase;
			buildActionMask = 2147483647;
			dstPath = /usr/share/man/man1/;
			dstSubfolderSpec = 0;
			files = (
			);
			runOnlyForDeploymentPostprocessing = 1;
		};
/* End PBXCopyFilesBuildPhase section */

/* Begin PBXFileReference section */
		2269E3751D5CBDF400377015 /* DateStruct */ = {isa = PBXFileReference; explicitFileType = "compiled.mach-o.executable"; includeInIndex = 0; path = DateStruct; sourceTree = BUILT_PRODUCTS_DIR; };
		2269E3781D5CBDF400377015 /* main.cpp */ = {isa = PBXFileReference; lastKnownFileType = sourcecode.cpp.cpp; path = main.cpp; sourceTree = "<group>"; };
		2269E37F1D5CC0D300377015 /* list.cpp */ = {isa = PBXFileReference; fileEncoding = 4; lastKnownFileType = sourcecode.cpp.cpp; name = list.cpp; path = DateStruct/list.cpp; sourceTree = "<group>"; };
		2269E3801D5CC0D300377015 /* list.hpp */ = {isa = PBXFileReference; fileEncoding = 4; lastKnownFileType = sourcecode.cpp.h; name = list.hpp; path = DateStruct/list.hpp; sourceTree = "<group>"; };
		227A7C711D5F546C009DB28B /* Vector.cpp */ = {isa = PBXFileReference; fileEncoding = 4; lastKnownFileType = sourcecode.cpp.cpp; path = Vector.cpp; sourceTree = "<group>"; };
		227A7C721D5F546C009DB28B /* Vector.hpp */ = {isa = PBXFileReference; fileEncoding = 4; lastKnownFileType = sourcecode.cpp.h; path = Vector.hpp; sourceTree = "<group>"; };
		22ED58C91D61FA2C000DE4E2 /* List.cpp */ = {isa = PBXFileReference; fileEncoding = 4; lastKnownFileType = sourcecode.cpp.cpp; path = List.cpp; sourceTree = "<group>"; };
		22ED58CA1D61FA2C000DE4E2 /* List.hpp */ = {isa = PBXFileReference; fileEncoding = 4; lastKnownFileType = sourcecode.cpp.h; path = List.hpp; sourceTree = "<group>"; };
/* End PBXFileReference section */

/* Begin PBXFrameworksBuildPhase section */
		2269E3721D5CBDF400377015 /* Frameworks */ = {
			isa = PBXFrameworksBuildPhase;
			buildActionMask = 2147483647;
			files = (
			);
			runOnlyForDeploymentPostprocessing = 0;
		};
/* End PBXFrameworksBuildPhase section */

/* Begin PBXGroup section */
		2269E36C1D5CBDF400377015 = {
			isa = PBXGroup;
			children = (
				22ED58C81D61FA11000DE4E2 /* List */,
				227A7C701D5F544F009DB28B /* vector */,
				22B46F871D5F17620016F88A /* 链表 */,
				2269E3771D5CBDF400377015 /* DateStruct */,
				2269E3761D5CBDF400377015 /* Products */,
			);
			sourceTree = "<group>";
		};
		2269E3761D5CBDF400377015 /* Products */ = {
			isa = PBXGroup;
			children = (
				2269E3751D5CBDF400377015 /* DateStruct */,
			);
			name = Products;
			sourceTree = "<group>";
		};
		2269E3771D5CBDF400377015 /* DateStruct */ = {
			isa = PBXGroup;
			children = (
				2269E3781D5CBDF400377015 /* main.cpp */,
			);
			path = DateStruct;
			sourceTree = "<group>";
		};
		227A7C701D5F544F009DB28B /* vector */ = {
			isa = PBXGroup;
			children = (
				227A7C711D5F546C009DB28B /* Vector.cpp */,
				227A7C721D5F546C009DB28B /* Vector.hpp */,
			);
			name = vector;
			sourceTree = "<group>";
		};
		22B46F871D5F17620016F88A /* 链表 */ = {
			isa = PBXGroup;
			children = (
				2269E37F1D5CC0D300377015 /* list.cpp */,
				2269E3801D5CC0D300377015 /* list.hpp */,
			);
			name = "链表";
			sourceTree = "<group>";
		};
		22ED58C81D61FA11000DE4E2 /* List */ = {
			isa = PBXGroup;
			children = (
				22ED58C91D61FA2C000DE4E2 /* List.cpp */,
				22ED58CA1D61FA2C000DE4E2 /* List.hpp */,
			);
			name = List;
			sourceTree = "<group>";
		};
/* End PBXGroup section */

/* Begin PBXNativeTarget section */
		2269E3741D5CBDF400377015 /* DateStruct */ = {
			isa = PBXNativeTarget;
			buildConfigurationList = 2269E37C1D5CBDF400377015 /* Build configuration list for PBXNativeTarget "DateStruct" */;
			buildPhases = (
				2269E3711D5CBDF400377015 /* Sources */,
				2269E3721D5CBDF400377015 /* Frameworks */,
				2269E3731D5CBDF400377015 /* CopyFiles */,
			);
			buildRules = (
			);
			dependencies = (
			);
			name = DateStruct;
			productName = DateStruct;
			productReference = 2269E3751D5CBDF400377015 /* DateStruct */;
			productType = "com.apple.product-type.tool";
		};
/* End PBXNativeTarget section */

/* Begin PBXProject section */
		2269E36D1D5CBDF400377015 /* Project object */ = {
			isa = PBXProject;
			attributes = {
				LastUpgradeCheck = 0710;
				ORGANIZATIONNAME = hanzhiqiang;
				TargetAttributes = {
					2269E3741D5CBDF400377015 = {
						CreatedOnToolsVersion = 7.1;
					};
				};
			};
			buildConfigurationList = 2269E3701D5CBDF400377015 /* Build configuration list for PBXProject "DateStruct" */;
			compatibilityVersion = "Xcode 3.2";
			developmentRegion = English;
			hasScannedForEncodings = 0;
			knownRegions = (
				en,
			);
			mainGroup = 2269E36C1D5CBDF400377015;
			productRefGroup = 2269E3761D5CBDF400377015 /* Products */;
			projectDirPath = "";
			projectRoot = "";
			targets = (
				2269E3741D5CBDF400377015 /* DateStruct */,
			);
		};
/* End PBXProject section */

/* Begin PBXSourcesBuildPhase section */
		2269E3711D5CBDF400377015 /* Sources */ = {
			isa = PBXSourcesBuildPhase;
			buildActionMask = 2147483647;
			files = (
				2269E3791D5CBDF400377015 /* main.cpp in Sources */,
				22ED58CB1D61FA2C000DE4E2 /* List.cpp in Sources */,
				2269E3811D5CC0D300377015 /* list.cpp in Sources */,
				227A7C731D5F546C009DB28B /* Vector.cpp in Sources */,
			);
			runOnlyForDeploymentPostprocessing = 0;
		};
/* End PBXSourcesBuildPhase section */

/* Begin XCBuildConfiguration section */
		2269E37A1D5CBDF400377015 /* Debug */ = {
			isa = XCBuildConfiguration;
			buildSettings = {
				ALWAYS_SEARCH_USER_PATHS = NO;
				CLANG_CXX_LANGUAGE_STANDARD = "gnu++0x";
				CLANG_CXX_LIBRARY = "libc++";
				CLANG_ENABLE_MODULES = YES;
				CLANG_ENABLE_OBJC_ARC = YES;
				CLANG_WARN_BOOL_CONVERSION = YES;
				CLANG_WARN_CONSTANT_CONVERSION = YES;
				CLANG_WARN_DIRECT_OBJC_ISA_USAGE = YES_ERROR;
				CLANG_WARN_EMPTY_BODY = YES;
				CLANG_WARN_ENUM_CONVERSION = YES;
				CLANG_WARN_INT_CONVERSION = YES;
				CLANG_WARN_OBJC_ROOT_CLASS = YES_ERROR;
				CLANG_WARN_UNREACHABLE_CODE = YES;
				CLANG_WARN__DUPLICATE_METHOD_MATCH = YES;
				CODE_SIGN_IDENTITY = "-";
				COPY_PHASE_STRIP = NO;
				DEBUG_INFORMATION_FORMAT = dwarf;
				ENABLE_STRICT_OBJC_MSGSEND = YES;
				ENABLE_TESTABILITY = YES;
				GCC_C_LANGUAGE_STANDARD = gnu99;
				GCC_DYNAMIC_NO_PIC = NO;
				GCC_NO_COMMON_BLOCKS = YES;
				GCC_OPTIMIZATION_LEVEL = 0;
				GCC_PREPROCESSOR_DEFINITIONS = (
					"DEBUG=1",
					"$(inherited)",
				);
				GCC_WARN_64_TO_32_BIT_CONVERSION = YES;
				GCC_WARN_ABOUT_RETURN_TYPE = YES_ERROR;
				GCC_WARN_UNDECLARED_SELECTOR = YES;
				GCC_WARN_UNINITIALIZED_AUTOS = YES_AGGRESSIVE;
				GCC_WARN_UNUSED_FUNCTION = YES;
				GCC_WARN_UNUSED_VARIABLE = YES;
				MACOSX_DEPLOYMENT_TARGET = 10.10;
				MTL_ENABLE_DEBUG_INFO = YES;
				ONLY_ACTIVE_ARCH = YES;
				SDKROOT = macosx;
			};
			name = Debug;
		};
		2269E37B1D5CBDF400377015 /* Release */ = {
			isa = XCBuildConfiguration;
			buildSettings = {
				ALWAYS_SEARCH_USER_PATHS = NO;
				CLANG_CXX_LANGUAGE_STANDARD = "gnu++0x";
				CLANG_CXX_LIBRARY = "libc++";
				CLANG_ENABLE_MODULES = YES;
				CLANG_ENABLE_OBJC_ARC = YES;
				CLANG_WARN_BOOL_CONVERSION = YES;
				CLANG_WARN_CONSTANT_CONVERSION = YES;
				CLANG_WARN_DIRECT_OBJC_ISA_USAGE = YES_ERROR;
				CLANG_WARN_EMPTY_BODY = YES;
				CLANG_WARN_ENUM_CONVERSION = YES;
				CLANG_WARN_INT_CONVERSION = YES;
				CLANG_WARN_OBJC_ROOT_CLASS = YES_ERROR;
				CLANG_WARN_UNREACHABLE_CODE = YES;
				CLANG_WARN__DUPLICATE_METHOD_MATCH = YES;
				CODE_SIGN_IDENTITY = "-";
				COPY_PHASE_STRIP = NO;
				DEBUG_INFORMATION_FORMAT = "dwarf-with-dsym";
				ENABLE_NS_ASSERTIONS = NO;
				ENABLE_STRICT_OBJC_MSGSEND = YES;
				GCC_C_LANGUAGE_STANDARD = gnu99;
				GCC_NO_COMMON_BLOCKS = YES;
				GCC_WARN_64_TO_32_BIT_CONVERSION = YES;
				GCC_WARN_ABOUT_RETURN_TYPE = YES_ERROR;
				GCC_WARN_UNDECLARED_SELECTOR = YES;
				GCC_WARN_UNINITIALIZED_AUTOS = YES_AGGRESSIVE;
				GCC_WARN_UNUSED_FUNCTION = YES;
				GCC_WARN_UNUSED_VARIABLE = YES;
				MACOSX_DEPLOYMENT_TARGET = 10.10;
				MTL_ENABLE_DEBUG_INFO = NO;
				SDKROOT = macosx;
			};
			name = Release;
		};
		2269E37D1D5CBDF400377015 /* Debug */ = {
			isa = XCBuildConfiguration;
			buildSettings = {
				PRODUCT_NAME = "$(TARGET_NAME)";
			};
			name = Debug;
		};
		2269E37E1D5CBDF400377015 /* Release */ = {
			isa = XCBuildConfiguration;
			buildSettings = {
				PRODUCT_NAME = "$(TARGET_NAME)";
			};
			name = Release;
		};
/* End XCBuildConfiguration section */

/* Begin XCConfigurationList section */
		2269E3701D5CBDF400377015 /* Build configuration list for PBXProject "DateStruct" */ = {
			isa = XCConfigurationList;
			buildConfigurations = (
				2269E37A1D5CBDF400377015 /* Debug */,
				2269E37B1D5CBDF400377015 /* Release */,
			);
			defaultConfigurationIsVisible = 0;
			defaultConfigurationName = Release;
		};
		2269E37C1D5CBDF400377015 /* Build configuration list for PBXNativeTarget "DateStruct" */ = {
			isa = XCConfigurationList;
			buildConfigurations = (
				2269E37D1D5CBDF400377015 /* Debug */,
				2269E37E1D5CBDF400377015 /* Release */,
			);
			defaultConfigurationIsVisible = 0;
			defaultConfigurationName = Release;
		};
/* End XCConfigurationList section */
	};
	rootObject = 2269E36D1D5CBDF400377015 /* Project object */;
}
